
Microsoft Visual Studio Solution File, Format Version 12.00
# Visual Studio Version 17
VisualStudioVersion = 17.0.31903.59
MinimumVisualStudioVersion = 10.0.40219.1
# add root README.md file
Project("{2150E333-8FDC-42A3-9474-1A3956D46DE8}") = ".", ".", "{CBF59724-9690-4403-92C1-98E38F6C2D65}"
    ProjectSection(SolutionItems) = preProject
        README.md = README.md
        global.json = global.json
        .gitignore = .gitignore
    EndProjectSection
EndProject
Project("{2150E333-8FDC-42A3-9474-1A3956D46DE8}") = "src", "src", "{90D7D983-B1E8-4374-BCBA-D4FB4A12CAF0}"
EndProject
Project("{FAE04EC0-301F-11D3-BF4B-00C04F79EFBC}") = "Identity.Core", "src\Identity.Core\Identity.Core.csproj", "{8AB844AE-F608-4A0A-8B21-53EA079C157F}"
EndProject
Project("{FAE04EC0-301F-11D3-BF4B-00C04F79EFBC}") = "Identity.Server", "src\Identity.Server\Identity.Server.csproj", "{63E97AC4-5FB9-444F-9836-152EBA7FBB7A}"
EndProject
Project("{FAE04EC0-301F-11D3-BF4B-00C04F79EFBC}") = "Identity.Persistence", "src\Identity.Persistence\Identity.Persistence.csproj", "{1B012F47-B6DD-4DC1-AF2E-F23F13C732E5}"
EndProject
Project("{2150E333-8FDC-42A3-9474-1A3956D46DE8}") = "deployment", "deployment", "{784B56E7-8D80-4D58-8876-4B02A8FB650A}"
	ProjectSection(SolutionItems) = preProject
		deployment\docker-compose.yaml = deployment\docker-compose.yaml
		deployment\.env = deployment\.env
		deployment\docker-compose.debug.yaml = deployment\docker-compose.debug.yaml
		deployment\deployment.md = deployment\deployment.md
	EndProjectSection
EndProject
Project("{2150E333-8FDC-42A3-9474-1A3956D46DE8}") = "Tools", "Tools", "{45216C0C-A5A8-4D2A-BC85-C0F04B499460}"
EndProject
Project("{FAE04EC0-301F-11D3-BF4B-00C04F79EFBC}") = "Tools.TransactionsManager", "src\Tools\Tools.TransactionsManager\Tools.TransactionsManager.csproj", "{86F6CD03-A604-4EB4-818F-C42FFA322911}"
EndProject
Project("{FAE04EC0-301F-11D3-BF4B-00C04F79EFBC}") = "Identity.Wrappers", "src\Identity.Wrappers\Identity.Wrappers.csproj", "{9DF0DF60-0AFD-4F13-8362-F5601B86355A}"
EndProject
Project("{FAE04EC0-301F-11D3-BF4B-00C04F79EFBC}") = "Identity.Sdk", "src\Identity.Sdk\Identity.Sdk.csproj", "{378499EB-5E25-45BA-9B86-9F27A4D733EB}"
EndProject
Project("{FAE04EC0-301F-11D3-BF4B-00C04F79EFBC}") = "Identity.Services", "src\Identity.Services\Identity.Services.csproj", "{476D33FA-0C73-4B79-95E2-754E90935E4C}"
EndProject
Project("{FAE04EC0-301F-11D3-BF4B-00C04F79EFBC}") = "Identity.Exceptions", "src\Identity.Exceptions\Identity.Exceptions.csproj", "{53A788B8-0A5C-4CA2-A834-DB54EF255400}"
EndProject
Project("{FAE04EC0-301F-11D3-BF4B-00C04F79EFBC}") = "Identity.Migrator", "src\Identity.Migrator\Identity.Migrator.csproj", "{7C920E19-2D4B-46D3-A98A-0519DCB06B8F}"
EndProject
Project("{2150E333-8FDC-42A3-9474-1A3956D46DE8}") = "docmentation", "docmentation", "{8047C15C-8144-4B33-BC2E-9CE1351BEADC}"
	ProjectSection(SolutionItems) = preProject
		documentation\database.md = documentation\database.md
	EndProjectSection
EndProject
Project("{2150E333-8FDC-42A3-9474-1A3956D46DE8}") = "publish-scripts", "publish-scripts", "{7EFC43DC-D276-4589-9CB8-C18B65F98FA2}"
	ProjectSection(SolutionItems) = preProject
		publish-script\.env = publish-scripts\.env
		publish-script\build.ps1 = publish-scripts\build.ps1
		publish-script\control-version.ps1 = publish-scripts\control-version.ps1
		publish-script\publish-sdk.ps1 = publish-scripts\publish-sdk.ps1
		publish-script\publish.ps1 = publish-scripts\publish.ps1
	EndProjectSection
EndProject
Project("{FAE04EC0-301F-11D3-BF4B-00C04F79EFBC}") = "Identity.Console", "src\Identity.Console\Identity.Console.csproj", "{1012E4C5-C306-4B5D-A5A4-D0E092885758}"
EndProject
Project("{2150E333-8FDC-42A3-9474-1A3956D46DE8}") = "configuration", "configuration", "{826DEDB0-25D9-46B2-B906-5FA76C593CCD}"
	ProjectSection(SolutionItems) = preProject
		configuration\redis.conf = configuration\redis.conf
	EndProjectSection
EndProject
Project("{FAE04EC0-301F-11D3-BF4B-00C04F79EFBC}") = "Tools.RCache", "src\Tools\Tools.RCache\Tools.RCache.csproj", "{9C6F6C48-D8C9-4781-8187-38B389539E94}"
EndProject
Global
	GlobalSection(SolutionConfigurationPlatforms) = preSolution
		Debug|Any CPU = Debug|Any CPU
		Release|Any CPU = Release|Any CPU
	EndGlobalSection
	GlobalSection(SolutionProperties) = preSolution
		HideSolutionNode = FALSE
	EndGlobalSection
	GlobalSection(ProjectConfigurationPlatforms) = postSolution
		{8AB844AE-F608-4A0A-8B21-53EA079C157F}.Debug|Any CPU.ActiveCfg = Debug|Any CPU
		{8AB844AE-F608-4A0A-8B21-53EA079C157F}.Debug|Any CPU.Build.0 = Debug|Any CPU
		{8AB844AE-F608-4A0A-8B21-53EA079C157F}.Release|Any CPU.ActiveCfg = Release|Any CPU
		{8AB844AE-F608-4A0A-8B21-53EA079C157F}.Release|Any CPU.Build.0 = Release|Any CPU
		{63E97AC4-5FB9-444F-9836-152EBA7FBB7A}.Debug|Any CPU.ActiveCfg = Debug|Any CPU
		{63E97AC4-5FB9-444F-9836-152EBA7FBB7A}.Debug|Any CPU.Build.0 = Debug|Any CPU
		{63E97AC4-5FB9-444F-9836-152EBA7FBB7A}.Release|Any CPU.ActiveCfg = Release|Any CPU
		{63E97AC4-5FB9-444F-9836-152EBA7FBB7A}.Release|Any CPU.Build.0 = Release|Any CPU
		{1B012F47-B6DD-4DC1-AF2E-F23F13C732E5}.Debug|Any CPU.ActiveCfg = Debug|Any CPU
		{1B012F47-B6DD-4DC1-AF2E-F23F13C732E5}.Debug|Any CPU.Build.0 = Debug|Any CPU
		{1B012F47-B6DD-4DC1-AF2E-F23F13C732E5}.Release|Any CPU.ActiveCfg = Release|Any CPU
		{1B012F47-B6DD-4DC1-AF2E-F23F13C732E5}.Release|Any CPU.Build.0 = Release|Any CPU
		{86F6CD03-A604-4EB4-818F-C42FFA322911}.Debug|Any CPU.ActiveCfg = Debug|Any CPU
		{86F6CD03-A604-4EB4-818F-C42FFA322911}.Debug|Any CPU.Build.0 = Debug|Any CPU
		{86F6CD03-A604-4EB4-818F-C42FFA322911}.Release|Any CPU.ActiveCfg = Release|Any CPU
		{86F6CD03-A604-4EB4-818F-C42FFA322911}.Release|Any CPU.Build.0 = Release|Any CPU
		{9DF0DF60-0AFD-4F13-8362-F5601B86355A}.Debug|Any CPU.ActiveCfg = Debug|Any CPU
		{9DF0DF60-0AFD-4F13-8362-F5601B86355A}.Debug|Any CPU.Build.0 = Debug|Any CPU
		{9DF0DF60-0AFD-4F13-8362-F5601B86355A}.Release|Any CPU.ActiveCfg = Release|Any CPU
		{9DF0DF60-0AFD-4F13-8362-F5601B86355A}.Release|Any CPU.Build.0 = Release|Any CPU
		{378499EB-5E25-45BA-9B86-9F27A4D733EB}.Debug|Any CPU.ActiveCfg = Debug|Any CPU
		{378499EB-5E25-45BA-9B86-9F27A4D733EB}.Debug|Any CPU.Build.0 = Debug|Any CPU
		{378499EB-5E25-45BA-9B86-9F27A4D733EB}.Release|Any CPU.ActiveCfg = Release|Any CPU
		{378499EB-5E25-45BA-9B86-9F27A4D733EB}.Release|Any CPU.Build.0 = Release|Any CPU
		{476D33FA-0C73-4B79-95E2-754E90935E4C}.Debug|Any CPU.ActiveCfg = Debug|Any CPU
		{476D33FA-0C73-4B79-95E2-754E90935E4C}.Debug|Any CPU.Build.0 = Debug|Any CPU
		{476D33FA-0C73-4B79-95E2-754E90935E4C}.Release|Any CPU.ActiveCfg = Release|Any CPU
		{476D33FA-0C73-4B79-95E2-754E90935E4C}.Release|Any CPU.Build.0 = Release|Any CPU
		{53A788B8-0A5C-4CA2-A834-DB54EF255400}.Debug|Any CPU.ActiveCfg = Debug|Any CPU
		{53A788B8-0A5C-4CA2-A834-DB54EF255400}.Debug|Any CPU.Build.0 = Debug|Any CPU
		{53A788B8-0A5C-4CA2-A834-DB54EF255400}.Release|Any CPU.ActiveCfg = Release|Any CPU
		{53A788B8-0A5C-4CA2-A834-DB54EF255400}.Release|Any CPU.Build.0 = Release|Any CPU
		{7C920E19-2D4B-46D3-A98A-0519DCB06B8F}.Debug|Any CPU.ActiveCfg = Debug|Any CPU
		{7C920E19-2D4B-46D3-A98A-0519DCB06B8F}.Debug|Any CPU.Build.0 = Debug|Any CPU
		{7C920E19-2D4B-46D3-A98A-0519DCB06B8F}.Release|Any CPU.ActiveCfg = Release|Any CPU
		{7C920E19-2D4B-46D3-A98A-0519DCB06B8F}.Release|Any CPU.Build.0 = Release|Any CPU
		{1012E4C5-C306-4B5D-A5A4-D0E092885758}.Debug|Any CPU.ActiveCfg = Debug|Any CPU
		{1012E4C5-C306-4B5D-A5A4-D0E092885758}.Debug|Any CPU.Build.0 = Debug|Any CPU
		{1012E4C5-C306-4B5D-A5A4-D0E092885758}.Release|Any CPU.ActiveCfg = Release|Any CPU
		{1012E4C5-C306-4B5D-A5A4-D0E092885758}.Release|Any CPU.Build.0 = Release|Any CPU
		{9C6F6C48-D8C9-4781-8187-38B389539E94}.Debug|Any CPU.ActiveCfg = Debug|Any CPU
		{9C6F6C48-D8C9-4781-8187-38B389539E94}.Debug|Any CPU.Build.0 = Debug|Any CPU
		{9C6F6C48-D8C9-4781-8187-38B389539E94}.Release|Any CPU.ActiveCfg = Release|Any CPU
		{9C6F6C48-D8C9-4781-8187-38B389539E94}.Release|Any CPU.Build.0 = Release|Any CPU
	EndGlobalSection
	GlobalSection(NestedProjects) = preSolution
		{8AB844AE-F608-4A0A-8B21-53EA079C157F} = {90D7D983-B1E8-4374-BCBA-D4FB4A12CAF0}
		{63E97AC4-5FB9-444F-9836-152EBA7FBB7A} = {90D7D983-B1E8-4374-BCBA-D4FB4A12CAF0}
		{1B012F47-B6DD-4DC1-AF2E-F23F13C732E5} = {90D7D983-B1E8-4374-BCBA-D4FB4A12CAF0}
		{45216C0C-A5A8-4D2A-BC85-C0F04B499460} = {90D7D983-B1E8-4374-BCBA-D4FB4A12CAF0}
		{86F6CD03-A604-4EB4-818F-C42FFA322911} = {45216C0C-A5A8-4D2A-BC85-C0F04B499460}
		{9DF0DF60-0AFD-4F13-8362-F5601B86355A} = {90D7D983-B1E8-4374-BCBA-D4FB4A12CAF0}
		{378499EB-5E25-45BA-9B86-9F27A4D733EB} = {90D7D983-B1E8-4374-BCBA-D4FB4A12CAF0}
		{476D33FA-0C73-4B79-95E2-754E90935E4C} = {90D7D983-B1E8-4374-BCBA-D4FB4A12CAF0}
		{53A788B8-0A5C-4CA2-A834-DB54EF255400} = {90D7D983-B1E8-4374-BCBA-D4FB4A12CAF0}
		{7C920E19-2D4B-46D3-A98A-0519DCB06B8F} = {90D7D983-B1E8-4374-BCBA-D4FB4A12CAF0}
		{1012E4C5-C306-4B5D-A5A4-D0E092885758} = {90D7D983-B1E8-4374-BCBA-D4FB4A12CAF0}
		{9C6F6C48-D8C9-4781-8187-38B389539E94} = {45216C0C-A5A8-4D2A-BC85-C0F04B499460}
	EndGlobalSection
EndGlobal
